{
  "name": "Inventory_CI",
  "lockfileVersion": 2,
  "requires": true,
  "packages": {
    "": {
      "dependencies": {
        "kenat": "^3.0.0"
      }
    },
    "node_modules/kenat": {
      "version": "3.0.0",
      "resolved": "https://registry.npmjs.org/kenat/-/kenat-3.0.0.tgz",
      "integrity": "sha512-TzLyq4xOAlb3h7WDnzeJd5vYbneHYdVIwdwut+fbxsSFvuH+SgixjznNq57llMA3eBhl0WAKsvcT3lzQCwlqhA=="
    }
  },
  "dependencies": {
    "kenat": {
      "version": "3.0.0",
      "resolved": "https://registry.npmjs.org/kenat/-/kenat-3.0.0.tgz",
      "integrity": "sha512-TzLyq4xOAlb3h7WDnzeJd5vYbneHYdVIwdwut+fbxsSFvuH+SgixjznNq57llMA3eBhl0WAKsvcT3lzQCwlqhA=="
    }
  }
}
